{
  "name": "modal-basis",
  "version": "0.0.4",
  "lockfileVersion": 1,
  "requires": true,
  "dependencies": {
    "overlay-basis": {
      "version": "0.0.4",
      "resolved": "https://registry.npmjs.org/overlay-basis/-/overlay-basis-0.0.4.tgz",
      "integrity": "sha512-oELcmtMlP3JrM1m0p00BKp0Hk5j02nBFXPPqsGJBBEYkKaPz0meI4XCCZXEHA9ELarIPUyXXjT66VRJTaqj8Tg=="
    }
  }
}
